
Microsoft Visual Studio Solution File, Format Version 10.00
# Visual Studio 2008
Project("{FAE04EC0-301F-11D3-BF4B-00C04F79EFBC}") = "Traffic_Simulator", "Traffic_Simulator\Traffic_Simulator.csproj", "{2ABED682-B7DA-47E5-9F6C-8C92DEBA1F88}"
EndProject
Global
	GlobalSection(SolutionConfigurationPlatforms) = preSolution
		Debug|Any CPU = Debug|Any CPU
		Release|Any CPU = Release|Any CPU
	EndGlobalSection
	GlobalSection(ProjectConfigurationPlatforms) = postSolution
		{2ABED682-B7DA-47E5-9F6C-8C92DEBA1F88}.Debug|Any CPU.ActiveCfg = Debug|Any CPU
		{2ABED682-B7DA-47E5-9F6C-8C92DEBA1F88}.Debug|Any CPU.Build.0 = Debug|Any CPU
		{2ABED682-B7DA-47E5-9F6C-8C92DEBA1F88}.Release|Any CPU.ActiveCfg = Release|Any CPU
		{2ABED682-B7DA-47E5-9F6C-8C92DEBA1F88}.Release|Any CPU.Build.0 = Release|Any CPU
	EndGlobalSection
	GlobalSection(SolutionProperties) = preSolution
		HideSolutionNode = FALSE
	EndGlobalSection
EndGlobal
